
Microsoft Visual Studio Solution File, Format Version 12.00
# Visual Studio Version 16
VisualStudioVersion = 16.0.30114.105
MinimumVisualStudioVersion = 10.0.40219.1
Project("{FAE04EC0-301F-11D3-BF4B-00C04F79EFBC}") = "StringLibrary", "StringLibrary\StringLibrary.csproj", "{358FA554-2A7D-4E94-9A82-3FB067787F89}"
EndProject
Project("{FAE04EC0-301F-11D3-BF4B-00C04F79EFBC}") = "ShowCase", "ShowCase\ShowCase.csproj", "{C15CEA35-4F08-4CDF-9B02-2DF7282A08CE}"
EndProject
Global
	GlobalSection(SolutionConfigurationPlatforms) = preSolution
		Debug|Any CPU = Debug|Any CPU
		Release|Any CPU = Release|Any CPU
	EndGlobalSection
	GlobalSection(SolutionProperties) = preSolution
		HideSolutionNode = FALSE
	EndGlobalSection
	GlobalSection(ProjectConfigurationPlatforms) = postSolution
		{358FA554-2A7D-4E94-9A82-3FB067787F89}.Debug|Any CPU.ActiveCfg = Debug|Any CPU
		{358FA554-2A7D-4E94-9A82-3FB067787F89}.Debug|Any CPU.Build.0 = Debug|Any CPU
		{358FA554-2A7D-4E94-9A82-3FB067787F89}.Release|Any CPU.ActiveCfg = Release|Any CPU
		{358FA554-2A7D-4E94-9A82-3FB067787F89}.Release|Any CPU.Build.0 = Release|Any CPU
		{C15CEA35-4F08-4CDF-9B02-2DF7282A08CE}.Debug|Any CPU.ActiveCfg = Debug|Any CPU
		{C15CEA35-4F08-4CDF-9B02-2DF7282A08CE}.Debug|Any CPU.Build.0 = Debug|Any CPU
		{C15CEA35-4F08-4CDF-9B02-2DF7282A08CE}.Release|Any CPU.ActiveCfg = Release|Any CPU
		{C15CEA35-4F08-4CDF-9B02-2DF7282A08CE}.Release|Any CPU.Build.0 = Release|Any CPU
	EndGlobalSection
EndGlobal
